
Microsoft Visual Studio Solution File, Format Version 12.00
# Visual Studio Version 17
VisualStudioVersion = 17.6.33815.320
MinimumVisualStudioVersion = 10.0.40219.1
Project("{FAE04EC0-301F-11D3-BF4B-00C04F79EFBC}") = "ConsoleApp1", "ConsoleApp1\ConsoleApp1.csproj", "{EF651AC6-78A2-40D6-9C1F-03AFCF86BB02}"
EndProject
Global
	GlobalSection(SolutionConfigurationPlatforms) = preSolution
		Debug|Any CPU = Debug|Any CPU
		Release|Any CPU = Release|Any CPU
	EndGlobalSection
	GlobalSection(ProjectConfigurationPlatforms) = postSolution
		{EF651AC6-78A2-40D6-9C1F-03AFCF86BB02}.Debug|Any CPU.ActiveCfg = Debug|Any CPU
		{EF651AC6-78A2-40D6-9C1F-03AFCF86BB02}.Debug|Any CPU.Build.0 = Debug|Any CPU
		{EF651AC6-78A2-40D6-9C1F-03AFCF86BB02}.Release|Any CPU.ActiveCfg = Release|Any CPU
		{EF651AC6-78A2-40D6-9C1F-03AFCF86BB02}.Release|Any CPU.Build.0 = Release|Any CPU
	EndGlobalSection
	GlobalSection(SolutionProperties) = preSolution
		HideSolutionNode = FALSE
	EndGlobalSection
	GlobalSection(ExtensibilityGlobals) = postSolution
		SolutionGuid = {5A38D61E-AAAE-4E45-9897-E61E00BD907B}
	EndGlobalSection
EndGlobal
